
Microsoft Visual Studio Solution File, Format Version 12.00
# Visual Studio Version 17
VisualStudioVersion = 17.11.35327.3
MinimumVisualStudioVersion = 10.0.40219.1
Project("{FAE04EC0-301F-11D3-BF4B-00C04F79EFBC}") = "RankingApp", "RankingApp\RankingApp.csproj", "{924F88FC-1621-4C5E-9D33-F3FBA9BEC189}"
EndProject
Global
	GlobalSection(SolutionConfigurationPlatforms) = preSolution
		Debug|Any CPU = Debug|Any CPU
		Release|Any CPU = Release|Any CPU
	EndGlobalSection
	GlobalSection(ProjectConfigurationPlatforms) = postSolution
		{924F88FC-1621-4C5E-9D33-F3FBA9BEC189}.Debug|Any CPU.ActiveCfg = Debug|Any CPU
		{924F88FC-1621-4C5E-9D33-F3FBA9BEC189}.Debug|Any CPU.Build.0 = Debug|Any CPU
		{924F88FC-1621-4C5E-9D33-F3FBA9BEC189}.Debug|Any CPU.Deploy.0 = Debug|Any CPU
		{924F88FC-1621-4C5E-9D33-F3FBA9BEC189}.Release|Any CPU.ActiveCfg = Release|Any CPU
		{924F88FC-1621-4C5E-9D33-F3FBA9BEC189}.Release|Any CPU.Build.0 = Release|Any CPU
		{924F88FC-1621-4C5E-9D33-F3FBA9BEC189}.Release|Any CPU.Deploy.0 = Release|Any CPU
	EndGlobalSection
	GlobalSection(SolutionProperties) = preSolution
		HideSolutionNode = FALSE
	EndGlobalSection
	GlobalSection(ExtensibilityGlobals) = postSolution
		SolutionGuid = {C9625DC1-80FC-4B1A-864C-083BCD53565D}
	EndGlobalSection
EndGlobal
